
Microsoft Visual Studio Solution File, Format Version 12.00
# Visual Studio Version 16
VisualStudioVersion = 16.0.30907.101
MinimumVisualStudioVersion = 10.0.40219.1
Project("{9A19103F-16F7-4668-BE54-9A1E7A4F7556}") = "Memes", "Memes.csproj", "{406AA785-6122-4AE1-8526-5DC9EF42234E}"
EndProject
Global
	GlobalSection(SolutionConfigurationPlatforms) = preSolution
		Debug|Any CPU = Debug|Any CPU
		Release|Any CPU = Release|Any CPU
	EndGlobalSection
	GlobalSection(ProjectConfigurationPlatforms) = postSolution
		{406AA785-6122-4AE1-8526-5DC9EF42234E}.Debug|Any CPU.ActiveCfg = Debug|Any CPU
		{406AA785-6122-4AE1-8526-5DC9EF42234E}.Debug|Any CPU.Build.0 = Debug|Any CPU
		{406AA785-6122-4AE1-8526-5DC9EF42234E}.Release|Any CPU.ActiveCfg = Release|Any CPU
		{406AA785-6122-4AE1-8526-5DC9EF42234E}.Release|Any CPU.Build.0 = Release|Any CPU
	EndGlobalSection
	GlobalSection(SolutionProperties) = preSolution
		HideSolutionNode = FALSE
	EndGlobalSection
	GlobalSection(ExtensibilityGlobals) = postSolution
		SolutionGuid = {27048B31-99DC-4E51-9CFB-71B2AB5EDBC4}
	EndGlobalSection
EndGlobal
